// !$*UTF8*$!
{
	archiveVersion = 1;
	classes = {
	};
	objectVersion = 48;
	objects = {

/* Begin PBXBuildFile section */
		37B19EE0205EB13F007995A9 /* AppDelegate.swift in Sources */ = {isa = PBXBuildFile; fileRef = 37B19EDF205EB13F007995A9 /* AppDelegate.swift */; };
		37B19EE2205EB13F007995A9 /* TodoListViewController.swift in Sources */ = {isa = PBXBuildFile; fileRef = 37B19EE1205EB13F007995A9 /* TodoListViewController.swift */; };
		37B19EE5205EB13F007995A9 /* Main.storyboard in Resources */ = {isa = PBXBuildFile; fileRef = 37B19EE3205EB13F007995A9 /* Main.storyboard */; };
		37B19EE7205EB13F007995A9 /* Assets.xcassets in Resources */ = {isa = PBXBuildFile; fileRef = 37B19EE6205EB13F007995A9 /* Assets.xcassets */; };
		37B19EEA205EB13F007995A9 /* LaunchScreen.storyboard in Resources */ = {isa = PBXBuildFile; fileRef = 37B19EE8205EB13F007995A9 /* LaunchScreen.storyboard */; };
		37B3C8B520654DDF00E8E115 /* DataModel.xcdatamodeld in Sources */ = {isa = PBXBuildFile; fileRef = 37B3C8B320654DDF00E8E115 /* DataModel.xcdatamodeld */; };
/* End PBXBuildFile section */

/* Begin PBXFileReference section */
		37B19EDC205EB13F007995A9 /* ToDoAD.app */ = {isa = PBXFileReference; explicitFileType = wrapper.application; includeInIndex = 0; path = ToDoAD.app; sourceTree = BUILT_PRODUCTS_DIR; };
		37B19EDF205EB13F007995A9 /* AppDelegate.swift */ = {isa = PBXFileReference; lastKnownFileType = sourcecode.swift; path = AppDelegate.swift; sourceTree = "<group>"; };
		37B19EE1205EB13F007995A9 /* TodoListViewController.swift */ = {isa = PBXFileReference; lastKnownFileType = sourcecode.swift; path = TodoListViewController.swift; sourceTree = "<group>"; };
		37B19EE4205EB13F007995A9 /* Base */ = {isa = PBXFileReference; lastKnownFileType = file.storyboard; name = Base; path = Base.lproj/Main.storyboard; sourceTree = "<group>"; };
		37B19EE6205EB13F007995A9 /* Assets.xcassets */ = {isa = PBXFileReference; lastKnownFileType = folder.assetcatalog; path = Assets.xcassets; sourceTree = "<group>"; };
		37B19EE9205EB13F007995A9 /* Base */ = {isa = PBXFileReference; lastKnownFileType = file.storyboard; name = Base; path = Base.lproj/LaunchScreen.storyboard; sourceTree = "<group>"; };
		37B19EEB205EB13F007995A9 /* Info.plist */ = {isa = PBXFileReference; lastKnownFileType = text.plist.xml; path = Info.plist; sourceTree = "<group>"; };
		37B3C8B420654DDF00E8E115 /* DataModel.xcdatamodel */ = {isa = PBXFileReference; lastKnownFileType = wrapper.xcdatamodel; path = DataModel.xcdatamodel; sourceTree = "<group>"; };
/* End PBXFileReference section */

/* Begin PBXFrameworksBuildPhase section */
		37B19ED9205EB13F007995A9 /* Frameworks */ = {
			isa = PBXFrameworksBuildPhase;
			buildActionMask = 2147483647;
			files = (
			);
			runOnlyForDeploymentPostprocessing = 0;
		};
/* End PBXFrameworksBuildPhase section */

/* Begin PBXGroup section */
		3749495020604ACD0033F5D4 /* Data Model */ = {
			isa = PBXGroup;
			children = (
				37B3C8B320654DDF00E8E115 /* DataModel.xcdatamodeld */,
			);
			path = "Data Model";
			sourceTree = "<group>";
		};
		3749495120604ADF0033F5D4 /* Controller */ = {
			isa = PBXGroup;
			children = (
				37B19EE1205EB13F007995A9 /* TodoListViewController.swift */,
			);
			path = Controller;
			sourceTree = "<group>";
		};
		3749495220604AF30033F5D4 /* Views */ = {
			isa = PBXGroup;
			children = (
				37B19EE3205EB13F007995A9 /* Main.storyboard */,
			);
			path = Views;
			sourceTree = "<group>";
		};
		37B19ED3205EB13F007995A9 = {
			isa = PBXGroup;
			children = (
				37B19EDE205EB13F007995A9 /* ToDoAD */,
				37B19EDD205EB13F007995A9 /* Products */,
			);
			sourceTree = "<group>";
		};
		37B19EDD205EB13F007995A9 /* Products */ = {
			isa = PBXGroup;
			children = (
				37B19EDC205EB13F007995A9 /* ToDoAD.app */,
			);
			name = Products;
			sourceTree = "<group>";
		};
		37B19EDE205EB13F007995A9 /* ToDoAD */ = {
			isa = PBXGroup;
			children = (
				37B19EDF205EB13F007995A9 /* AppDelegate.swift */,
				3749495120604ADF0033F5D4 /* Controller */,
				3749495020604ACD0033F5D4 /* Data Model */,
				3749495220604AF30033F5D4 /* Views */,
				37B19EE6205EB13F007995A9 /* Assets.xcassets */,
				37B19EE8205EB13F007995A9 /* LaunchScreen.storyboard */,
				37B19EEB205EB13F007995A9 /* Info.plist */,
			);
			path = ToDoAD;
			sourceTree = "<group>";
		};
/* End PBXGroup section */

/* Begin PBXNativeTarget section */
		37B19EDB205EB13F007995A9 /* ToDoAD */ = {
			isa = PBXNativeTarget;
			buildConfigurationList = 37B19EEE205EB13F007995A9 /* Build configuration list for PBXNativeTarget "ToDoAD" */;
			buildPhases = (
				37B19ED8205EB13F007995A9 /* Sources */,
				37B19ED9205EB13F007995A9 /* Frameworks */,
				37B19EDA205EB13F007995A9 /* Resources */,
			);
			buildRules = (
			);
			dependencies = (
			);
			name = ToDoAD;
			productName = ToDoAD;
			productReference = 37B19EDC205EB13F007995A9 /* ToDoAD.app */;
			productType = "com.apple.product-type.application";
		};
/* End PBXNativeTarget section */

/* Begin PBXProject section */
		37B19ED4205EB13F007995A9 /* Project object */ = {
			isa = PBXProject;
			attributes = {
				LastSwiftUpdateCheck = 0920;
				LastUpgradeCheck = 0920;
				ORGANIZATIONNAME = Arek;
				TargetAttributes = {
					37B19EDB205EB13F007995A9 = {
						CreatedOnToolsVersion = 9.2;
						ProvisioningStyle = Automatic;
					};
				};
			};
			buildConfigurationList = 37B19ED7205EB13F007995A9 /* Build configuration list for PBXProject "ToDoAD" */;
			compatibilityVersion = "Xcode 8.0";
			developmentRegion = en;
			hasScannedForEncodings = 0;
			knownRegions = (
				en,
				Base,
			);
			mainGroup = 37B19ED3205EB13F007995A9;
			productRefGroup = 37B19EDD205EB13F007995A9 /* Products */;
			projectDirPath = "";
			projectRoot = "";
			targets = (
				37B19EDB205EB13F007995A9 /* ToDoAD */,
			);
		};
/* End PBXProject section */

/* Begin PBXResourcesBuildPhase section */
		37B19EDA205EB13F007995A9 /* Resources */ = {
			isa = PBXResourcesBuildPhase;
			buildActionMask = 2147483647;
			files = (
				37B19EEA205EB13F007995A9 /* LaunchScreen.storyboard in Resources */,
				37B19EE7205EB13F007995A9 /* Assets.xcassets in Resources */,
				37B19EE5205EB13F007995A9 /* Main.storyboard in Resources */,
			);
			runOnlyForDeploymentPostprocessing = 0;
		};
/* End PBXResourcesBuildPhase section */

/* Begin PBXSourcesBuildPhase section */
		37B19ED8205EB13F007995A9 /* Sources */ = {
			isa = PBXSourcesBuildPhase;
			buildActionMask = 2147483647;
			files = (
				37B19EE2205EB13F007995A9 /* TodoListViewController.swift in Sources */,
				37B3C8B520654DDF00E8E115 /* DataModel.xcdatamodeld in Sources */,
				37B19EE0205EB13F007995A9 /* AppDelegate.swift in Sources */,
			);
			runOnlyForDeploymentPostprocessing = 0;
		};
/* End PBXSourcesBuildPhase section */

/* Begin PBXVariantGroup section */
		37B19EE3205EB13F007995A9 /* Main.storyboard */ = {
			isa = PBXVariantGroup;
			children = (
				37B19EE4205EB13F007995A9 /* Base */,
			);
			name = Main.storyboard;
			sourceTree = "<group>";
		};
		37B19EE8205EB13F007995A9 /* LaunchScreen.storyboard */ = {
			isa = PBXVariantGroup;
			children = (
				37B19EE9205EB13F007995A9 /* Base */,
			);
			name = LaunchScreen.storyboard;
			sourceTree = "<group>";
		};
/* End PBXVariantGroup section */

/* Begin XCBuildConfiguration section */
		37B19EEC205EB13F007995A9 /* Debug */ = {
			isa = XCBuildConfiguration;
			buildSettings = {
				ALWAYS_SEARCH_USER_PATHS = NO;
				CLANG_ANALYZER_NONNULL = YES;
				CLANG_ANALYZER_NUMBER_OBJECT_CONVERSION = YES_AGGRESSIVE;
				CLANG_CXX_LANGUAGE_STANDARD = "gnu++14";
				CLANG_CXX_LIBRARY = "libc++";
				CLANG_ENABLE_MODULES = YES;
				CLANG_ENABLE_OBJC_ARC = YES;
				CLANG_WARN_BLOCK_CAPTURE_AUTORELEASING = YES;
				CLANG_WARN_BOOL_CONVERSION = YES;
				CLANG_WARN_COMMA = YES;
				CLANG_WARN_CONSTANT_CONVERSION = YES;
				CLANG_WARN_DIRECT_OBJC_ISA_USAGE = YES_ERROR;
				CLANG_WARN_DOCUMENTATION_COMMENTS = YES;
				CLANG_WARN_EMPTY_BODY = YES;
				CLANG_WARN_ENUM_CONVERSION = YES;
				CLANG_WARN_INFINITE_RECURSION = YES;
				CLANG_WARN_INT_CONVERSION = YES;
				CLANG_WARN_NON_LITERAL_NULL_CONVERSION = YES;
				CLANG_WARN_OBJC_LITERAL_CONVERSION = YES;
				CLANG_WARN_OBJC_ROOT_CLASS = YES_ERROR;
				CLANG_WARN_RANGE_LOOP_ANALYSIS = YES;
				CLANG_WARN_STRICT_PROTOTYPES = YES;
				CLANG_WARN_SUSPICIOUS_MOVE = YES;
				CLANG_WARN_UNGUARDED_AVAILABILITY = YES_AGGRESSIVE;
				CLANG_WARN_UNREACHABLE_CODE = YES;
				CLANG_WARN__DUPLICATE_METHOD_MATCH = YES;
				CODE_SIGN_IDENTITY = "iPhone Developer";
				COPY_PHASE_STRIP = NO;
				DEBUG_INFORMATION_FORMAT = dwarf;
				ENABLE_STRICT_OBJC_MSGSEND = YES;
				ENABLE_TESTABILITY = YES;
				GCC_C_LANGUAGE_STANDARD = gnu11;
				GCC_DYNAMIC_NO_PIC = NO;
				GCC_NO_COMMON_BLOCKS = YES;
				GCC_OPTIMIZATION_LEVEL = 0;
				GCC_PREPROCESSOR_DEFINITIONS = (
					"DEBUG=1",
					"$(inherited)",
				);
				GCC_WARN_64_TO_32_BIT_CONVERSION = YES;
				GCC_WARN_ABOUT_RETURN_TYPE = YES_ERROR;
				GCC_WARN_UNDECLARED_SELECTOR = YES;
				GCC_WARN_UNINITIALIZED_AUTOS = YES_AGGRESSIVE;
				GCC_WARN_UNUSED_FUNCTION = YES;
				GCC_WARN_UNUSED_VARIABLE = YES;
				IPHONEOS_DEPLOYMENT_TARGET = 11.2;
				MTL_ENABLE_DEBUG_INFO = YES;
				ONLY_ACTIVE_ARCH = YES;
				SDKROOT = iphoneos;
				SWIFT_ACTIVE_COMPILATION_CONDITIONS = DEBUG;
				SWIFT_OPTIMIZATION_LEVEL = "-Onone";
			};
			name = Debug;
		};
		37B19EED205EB13F007995A9 /* Release */ = {
			isa = XCBuildConfiguration;
			buildSettings = {
				ALWAYS_SEARCH_USER_PATHS = NO;
				CLANG_ANALYZER_NONNULL = YES;
				CLANG_ANALYZER_NUMBER_OBJECT_CONVERSION = YES_AGGRESSIVE;
				CLANG_CXX_LANGUAGE_STANDARD = "gnu++14";
				CLANG_CXX_LIBRARY = "libc++";
				CLANG_ENABLE_MODULES = YES;
				CLANG_ENABLE_OBJC_ARC = YES;
				CLANG_WARN_BLOCK_CAPTURE_AUTORELEASING = YES;
				CLANG_WARN_BOOL_CONVERSION = YES;
				CLANG_WARN_COMMA = YES;
				CLANG_WARN_CONSTANT_CONVERSION = YES;
				CLANG_WARN_DIRECT_OBJC_ISA_USAGE = YES_ERROR;
				CLANG_WARN_DOCUMENTATION_COMMENTS = YES;
				CLANG_WARN_EMPTY_BODY = YES;
				CLANG_WARN_ENUM_CONVERSION = YES;
				CLANG_WARN_INFINITE_RECURSION = YES;
				CLANG_WARN_INT_CONVERSION = YES;
				CLANG_WARN_NON_LITERAL_NULL_CONVERSION = YES;
				CLANG_WARN_OBJC_LITERAL_CONVERSION = YES;
				CLANG_WARN_OBJC_ROOT_CLASS = YES_ERROR;
				CLANG_WARN_RANGE_LOOP_ANALYSIS = YES;
				CLANG_WARN_STRICT_PROTOTYPES = YES;
				CLANG_WARN_SUSPICIOUS_MOVE = YES;
				CLANG_WARN_UNGUARDED_AVAILABILITY = YES_AGGRESSIVE;
				CLANG_WARN_UNREACHABLE_CODE = YES;
				CLANG_WARN__DUPLICATE_METHOD_MATCH = YES;
				CODE_SIGN_IDENTITY = "iPhone Developer";
				COPY_PHASE_STRIP = NO;
				DEBUG_INFORMATION_FORMAT = "dwarf-with-dsym";
				ENABLE_NS_ASSERTIONS = NO;
				ENABLE_STRICT_OBJC_MSGSEND = YES;
				GCC_C_LANGUAGE_STANDARD = gnu11;
				GCC_NO_COMMON_BLOCKS = YES;
				GCC_WARN_64_TO_32_BIT_CONVERSION = YES;
				GCC_WARN_ABOUT_RETURN_TYPE = YES_ERROR;
				GCC_WARN_UNDECLARED_SELECTOR = YES;
				GCC_WARN_UNINITIALIZED_AUTOS = YES_AGGRESSIVE;
				GCC_WARN_UNUSED_FUNCTION = YES;
				GCC_WARN_UNUSED_VARIABLE = YES;
				IPHONEOS_DEPLOYMENT_TARGET = 11.2;
				MTL_ENABLE_DEBUG_INFO = NO;
				SDKROOT = iphoneos;
				SWIFT_OPTIMIZATION_LEVEL = "-Owholemodule";
				VALIDATE_PRODUCT = YES;
			};
			name = Release;
		};
		37B19EEF205EB13F007995A9 /* Debug */ = {
			isa = XCBuildConfiguration;
			buildSettings = {
				ASSETCATALOG_COMPILER_APPICON_NAME = AppIcon;
				CODE_SIGN_STYLE = Automatic;
				DEVELOPMENT_TEAM = AYJ4KHXP29;
				INFOPLIST_FILE = ToDoAD/Info.plist;
				LD_RUNPATH_SEARCH_PATHS = "$(inherited) @executable_path/Frameworks";
				PRODUCT_BUNDLE_IDENTIFIER = Arekdom.ToDoAD;
				PRODUCT_NAME = "$(TARGET_NAME)";
				SWIFT_VERSION = 4.0;
				TARGETED_DEVICE_FAMILY = "1,2";
			};
			name = Debug;
		};
		37B19EF0205EB13F007995A9 /* Release */ = {
			isa = XCBuildConfiguration;
			buildSettings = {
				ASSETCATALOG_COMPILER_APPICON_NAME = AppIcon;
				CODE_SIGN_STYLE = Automatic;
				DEVELOPMENT_TEAM = AYJ4KHXP29;
				INFOPLIST_FILE = ToDoAD/Info.plist;
				LD_RUNPATH_SEARCH_PATHS = "$(inherited) @executable_path/Frameworks";
				PRODUCT_BUNDLE_IDENTIFIER = Arekdom.ToDoAD;
				PRODUCT_NAME = "$(TARGET_NAME)";
				SWIFT_VERSION = 4.0;
				TARGETED_DEVICE_FAMILY = "1,2";
			};
			name = Release;
		};
/* End XCBuildConfiguration section */

/* Begin XCConfigurationList section */
		37B19ED7205EB13F007995A9 /* Build configuration list for PBXProject "ToDoAD" */ = {
			isa = XCConfigurationList;
			buildConfigurations = (
				37B19EEC205EB13F007995A9 /* Debug */,
				37B19EED205EB13F007995A9 /* Release */,
			);
			defaultConfigurationIsVisible = 0;
			defaultConfigurationName = Release;
		};
		37B19EEE205EB13F007995A9 /* Build configuration list for PBXNativeTarget "ToDoAD" */ = {
			isa = XCConfigurationList;
			buildConfigurations = (
				37B19EEF205EB13F007995A9 /* Debug */,
				37B19EF0205EB13F007995A9 /* Release */,
			);
			defaultConfigurationIsVisible = 0;
			defaultConfigurationName = Release;
		};
/* End XCConfigurationList section */

/* Begin XCVersionGroup section */
		37B3C8B320654DDF00E8E115 /* DataModel.xcdatamodeld */ = {
			isa = XCVersionGroup;
			children = (
				37B3C8B420654DDF00E8E115 /* DataModel.xcdatamodel */,
			);
			currentVersion = 37B3C8B420654DDF00E8E115 /* DataModel.xcdatamodel */;
			path = DataModel.xcdatamodeld;
			sourceTree = "<group>";
			versionGroupType = wrapper.xcdatamodel;
		};
/* End XCVersionGroup section */
	};
	rootObject = 37B19ED4205EB13F007995A9 /* Project object */;
}
